// !$*UTF8*$!
{
	archiveVersion = 1;
	classes = {
	};
	objectVersion = 56;
	objects = {

/* Begin PBXBuildFile section */
		A02F8C5D2926577C00FC97D7 /* CatsTableViewController.swift in Sources */ = {isa = PBXBuildFile; fileRef = A02F8C5C2926577C00FC97D7 /* CatsTableViewController.swift */; };
		A02F8C5F2926580100FC97D7 /* CatsDetailViewController.swift in Sources */ = {isa = PBXBuildFile; fileRef = A02F8C5E2926580100FC97D7 /* CatsDetailViewController.swift */; };
		A02F8C63292658E100FC97D7 /* Cat.swift in Sources */ = {isa = PBXBuildFile; fileRef = A02F8C62292658E100FC97D7 /* Cat.swift */; };
		A02F8C652926591100FC97D7 /* CatTableViewCell.swift in Sources */ = {isa = PBXBuildFile; fileRef = A02F8C642926591100FC97D7 /* CatTableViewCell.swift */; };
		A02F8C6729269E2300FC97D7 /* NetworkManager.swift in Sources */ = {isa = PBXBuildFile; fileRef = A02F8C6629269E2300FC97D7 /* NetworkManager.swift */; };
		A0760C042932A4DC004D28F7 /* Alamofire in Frameworks */ = {isa = PBXBuildFile; productRef = A0760C032932A4DC004D28F7 /* Alamofire */; };
		A0933EA0292579C000FEA5DC /* AppDelegate.swift in Sources */ = {isa = PBXBuildFile; fileRef = A0933E9F292579C000FEA5DC /* AppDelegate.swift */; };
		A0933EA2292579C000FEA5DC /* SceneDelegate.swift in Sources */ = {isa = PBXBuildFile; fileRef = A0933EA1292579C000FEA5DC /* SceneDelegate.swift */; };
		A0933EA7292579C000FEA5DC /* Main.storyboard in Resources */ = {isa = PBXBuildFile; fileRef = A0933EA5292579C000FEA5DC /* Main.storyboard */; };
		A0933EA9292579C100FEA5DC /* Assets.xcassets in Resources */ = {isa = PBXBuildFile; fileRef = A0933EA8292579C100FEA5DC /* Assets.xcassets */; };
		A0933EAC292579C100FEA5DC /* LaunchScreen.storyboard in Resources */ = {isa = PBXBuildFile; fileRef = A0933EAA292579C100FEA5DC /* LaunchScreen.storyboard */; };
/* End PBXBuildFile section */

/* Begin PBXFileReference section */
		A02F8C5C2926577C00FC97D7 /* CatsTableViewController.swift */ = {isa = PBXFileReference; lastKnownFileType = sourcecode.swift; path = CatsTableViewController.swift; sourceTree = "<group>"; };
		A02F8C5E2926580100FC97D7 /* CatsDetailViewController.swift */ = {isa = PBXFileReference; lastKnownFileType = sourcecode.swift; path = CatsDetailViewController.swift; sourceTree = "<group>"; };
		A02F8C62292658E100FC97D7 /* Cat.swift */ = {isa = PBXFileReference; lastKnownFileType = sourcecode.swift; path = Cat.swift; sourceTree = "<group>"; };
		A02F8C642926591100FC97D7 /* CatTableViewCell.swift */ = {isa = PBXFileReference; lastKnownFileType = sourcecode.swift; path = CatTableViewCell.swift; sourceTree = "<group>"; };
		A02F8C6629269E2300FC97D7 /* NetworkManager.swift */ = {isa = PBXFileReference; lastKnownFileType = sourcecode.swift; path = NetworkManager.swift; sourceTree = "<group>"; };
		A0933E9C292579C000FEA5DC /* CatsApp.app */ = {isa = PBXFileReference; explicitFileType = wrapper.application; includeInIndex = 0; path = CatsApp.app; sourceTree = BUILT_PRODUCTS_DIR; };
		A0933E9F292579C000FEA5DC /* AppDelegate.swift */ = {isa = PBXFileReference; lastKnownFileType = sourcecode.swift; path = AppDelegate.swift; sourceTree = "<group>"; };
		A0933EA1292579C000FEA5DC /* SceneDelegate.swift */ = {isa = PBXFileReference; lastKnownFileType = sourcecode.swift; path = SceneDelegate.swift; sourceTree = "<group>"; };
		A0933EA6292579C000FEA5DC /* Base */ = {isa = PBXFileReference; lastKnownFileType = file.storyboard; name = Base; path = Base.lproj/Main.storyboard; sourceTree = "<group>"; };
		A0933EA8292579C100FEA5DC /* Assets.xcassets */ = {isa = PBXFileReference; lastKnownFileType = folder.assetcatalog; path = Assets.xcassets; sourceTree = "<group>"; };
		A0933EAB292579C100FEA5DC /* Base */ = {isa = PBXFileReference; lastKnownFileType = file.storyboard; name = Base; path = Base.lproj/LaunchScreen.storyboard; sourceTree = "<group>"; };
		A0933EAD292579C100FEA5DC /* Info.plist */ = {isa = PBXFileReference; lastKnownFileType = text.plist.xml; path = Info.plist; sourceTree = "<group>"; };
/* End PBXFileReference section */

/* Begin PBXFrameworksBuildPhase section */
		A0760BFF29329FC4004D28F7 /* Frameworks */ = {
			isa = PBXFrameworksBuildPhase;
			buildActionMask = 2147483647;
			files = (
				A0760C042932A4DC004D28F7 /* Alamofire in Frameworks */,
			);
			runOnlyForDeploymentPostprocessing = 0;
		};
/* End PBXFrameworksBuildPhase section */

/* Begin PBXGroup section */
		A03AA1CB2927D29C00D08B70 /* Networking */ = {
			isa = PBXGroup;
			children = (
				A02F8C6629269E2300FC97D7 /* NetworkManager.swift */,
			);
			path = Networking;
			sourceTree = "<group>";
		};
		A03AA1CC2927D2D800D08B70 /* ViewControllers */ = {
			isa = PBXGroup;
			children = (
				A02F8C5C2926577C00FC97D7 /* CatsTableViewController.swift */,
				A02F8C5E2926580100FC97D7 /* CatsDetailViewController.swift */,
			);
			path = ViewControllers;
			sourceTree = "<group>";
		};
		A03AA1CD2927D33500D08B70 /* TableViewCell */ = {
			isa = PBXGroup;
			children = (
				A02F8C642926591100FC97D7 /* CatTableViewCell.swift */,
			);
			path = TableViewCell;
			sourceTree = "<group>";
		};
		A03AA1CE2927D36900D08B70 /* Models */ = {
			isa = PBXGroup;
			children = (
				A02F8C62292658E100FC97D7 /* Cat.swift */,
			);
			path = Models;
			sourceTree = "<group>";
		};
		A03AA1CF2927D3A800D08B70 /* App */ = {
			isa = PBXGroup;
			children = (
				A0933E9F292579C000FEA5DC /* AppDelegate.swift */,
				A0933EA1292579C000FEA5DC /* SceneDelegate.swift */,
				A0933EAD292579C100FEA5DC /* Info.plist */,
			);
			path = App;
			sourceTree = "<group>";
		};
		A03AA1D02927D3EC00D08B70 /* Storyboards */ = {
			isa = PBXGroup;
			children = (
				A0933EA5292579C000FEA5DC /* Main.storyboard */,
				A0933EAA292579C100FEA5DC /* LaunchScreen.storyboard */,
			);
			path = Storyboards;
			sourceTree = "<group>";
		};
		A03AA1D12927D3FF00D08B70 /* Resources */ = {
			isa = PBXGroup;
			children = (
				A0933EA8292579C100FEA5DC /* Assets.xcassets */,
			);
			path = Resources;
			sourceTree = "<group>";
		};
		A0933E93292579C000FEA5DC = {
			isa = PBXGroup;
			children = (
				A0933E9E292579C000FEA5DC /* CatsApp */,
				A0933E9D292579C000FEA5DC /* Products */,
			);
			sourceTree = "<group>";
		};
		A0933E9D292579C000FEA5DC /* Products */ = {
			isa = PBXGroup;
			children = (
				A0933E9C292579C000FEA5DC /* CatsApp.app */,
			);
			name = Products;
			sourceTree = "<group>";
		};
		A0933E9E292579C000FEA5DC /* CatsApp */ = {
			isa = PBXGroup;
			children = (
				A03AA1CC2927D2D800D08B70 /* ViewControllers */,
				A03AA1CD2927D33500D08B70 /* TableViewCell */,
				A03AA1D02927D3EC00D08B70 /* Storyboards */,
				A03AA1CE2927D36900D08B70 /* Models */,
				A03AA1CB2927D29C00D08B70 /* Networking */,
				A03AA1D12927D3FF00D08B70 /* Resources */,
				A03AA1CF2927D3A800D08B70 /* App */,
			);
			path = CatsApp;
			sourceTree = "<group>";
		};
/* End PBXGroup section */

/* Begin PBXNativeTarget section */
		A0933E9B292579C000FEA5DC /* CatsApp */ = {
			isa = PBXNativeTarget;
			buildConfigurationList = A0933EB0292579C100FEA5DC /* Build configuration list for PBXNativeTarget "CatsApp" */;
			buildPhases = (
				A0933E98292579C000FEA5DC /* Sources */,
				A0760BFF29329FC4004D28F7 /* Frameworks */,
				A0933E9A292579C000FEA5DC /* Resources */,
			);
			buildRules = (
			);
			dependencies = (
			);
			name = CatsApp;
			packageProductDependencies = (
				A0760C032932A4DC004D28F7 /* Alamofire */,
			);
			productName = CatsApp;
			productReference = A0933E9C292579C000FEA5DC /* CatsApp.app */;
			productType = "com.apple.product-type.application";
		};
/* End PBXNativeTarget section */

/* Begin PBXProject section */
		A0933E94292579C000FEA5DC /* Project object */ = {
			isa = PBXProject;
			attributes = {
				BuildIndependentTargetsInParallel = 1;
				LastSwiftUpdateCheck = 1410;
				LastUpgradeCheck = 1410;
				TargetAttributes = {
					A0933E9B292579C000FEA5DC = {
						CreatedOnToolsVersion = 14.1;
					};
				};
			};
			buildConfigurationList = A0933E97292579C000FEA5DC /* Build configuration list for PBXProject "CatsApp" */;
			compatibilityVersion = "Xcode 14.0";
			developmentRegion = en;
			hasScannedForEncodings = 0;
			knownRegions = (
				en,
				Base,
			);
			mainGroup = A0933E93292579C000FEA5DC;
			packageReferences = (
				A0760C022932A4DC004D28F7 /* XCRemoteSwiftPackageReference "Alamofire" */,
			);
			productRefGroup = A0933E9D292579C000FEA5DC /* Products */;
			projectDirPath = "";
			projectRoot = "";
			targets = (
				A0933E9B292579C000FEA5DC /* CatsApp */,
			);
		};
/* End PBXProject section */

/* Begin PBXResourcesBuildPhase section */
		A0933E9A292579C000FEA5DC /* Resources */ = {
			isa = PBXResourcesBuildPhase;
			buildActionMask = 2147483647;
			files = (
				A0933EAC292579C100FEA5DC /* LaunchScreen.storyboard in Resources */,
				A0933EA9292579C100FEA5DC /* Assets.xcassets in Resources */,
				A0933EA7292579C000FEA5DC /* Main.storyboard in Resources */,
			);
			runOnlyForDeploymentPostprocessing = 0;
		};
/* End PBXResourcesBuildPhase section */

/* Begin PBXSourcesBuildPhase section */
		A0933E98292579C000FEA5DC /* Sources */ = {
			isa = PBXSourcesBuildPhase;
			buildActionMask = 2147483647;
			files = (
				A0933EA0292579C000FEA5DC /* AppDelegate.swift in Sources */,
				A02F8C5D2926577C00FC97D7 /* CatsTableViewController.swift in Sources */,
				A02F8C63292658E100FC97D7 /* Cat.swift in Sources */,
				A02F8C6729269E2300FC97D7 /* NetworkManager.swift in Sources */,
				A02F8C5F2926580100FC97D7 /* CatsDetailViewController.swift in Sources */,
				A02F8C652926591100FC97D7 /* CatTableViewCell.swift in Sources */,
				A0933EA2292579C000FEA5DC /* SceneDelegate.swift in Sources */,
			);
			runOnlyForDeploymentPostprocessing = 0;
		};
/* End PBXSourcesBuildPhase section */

/* Begin PBXVariantGroup section */
		A0933EA5292579C000FEA5DC /* Main.storyboard */ = {
			isa = PBXVariantGroup;
			children = (
				A0933EA6292579C000FEA5DC /* Base */,
			);
			name = Main.storyboard;
			sourceTree = "<group>";
		};
		A0933EAA292579C100FEA5DC /* LaunchScreen.storyboard */ = {
			isa = PBXVariantGroup;
			children = (
				A0933EAB292579C100FEA5DC /* Base */,
			);
			name = LaunchScreen.storyboard;
			sourceTree = "<group>";
		};
/* End PBXVariantGroup section */

/* Begin XCBuildConfiguration section */
		A0933EAE292579C100FEA5DC /* Debug */ = {
			isa = XCBuildConfiguration;
			buildSettings = {
				ALWAYS_SEARCH_USER_PATHS = NO;
				CLANG_ANALYZER_NONNULL = YES;
				CLANG_ANALYZER_NUMBER_OBJECT_CONVERSION = YES_AGGRESSIVE;
				CLANG_CXX_LANGUAGE_STANDARD = "gnu++20";
				CLANG_ENABLE_MODULES = YES;
				CLANG_ENABLE_OBJC_ARC = YES;
				CLANG_ENABLE_OBJC_WEAK = YES;
				CLANG_WARN_BLOCK_CAPTURE_AUTORELEASING = YES;
				CLANG_WARN_BOOL_CONVERSION = YES;
				CLANG_WARN_COMMA = YES;
				CLANG_WARN_CONSTANT_CONVERSION = YES;
				CLANG_WARN_DEPRECATED_OBJC_IMPLEMENTATIONS = YES;
				CLANG_WARN_DIRECT_OBJC_ISA_USAGE = YES_ERROR;
				CLANG_WARN_DOCUMENTATION_COMMENTS = YES;
				CLANG_WARN_EMPTY_BODY = YES;
				CLANG_WARN_ENUM_CONVERSION = YES;
				CLANG_WARN_INFINITE_RECURSION = YES;
				CLANG_WARN_INT_CONVERSION = YES;
				CLANG_WARN_NON_LITERAL_NULL_CONVERSION = YES;
				CLANG_WARN_OBJC_IMPLICIT_RETAIN_SELF = YES;
				CLANG_WARN_OBJC_LITERAL_CONVERSION = YES;
				CLANG_WARN_OBJC_ROOT_CLASS = YES_ERROR;
				CLANG_WARN_QUOTED_INCLUDE_IN_FRAMEWORK_HEADER = YES;
				CLANG_WARN_RANGE_LOOP_ANALYSIS = YES;
				CLANG_WARN_STRICT_PROTOTYPES = YES;
				CLANG_WARN_SUSPICIOUS_MOVE = YES;
				CLANG_WARN_UNGUARDED_AVAILABILITY = YES_AGGRESSIVE;
				CLANG_WARN_UNREACHABLE_CODE = YES;
				CLANG_WARN__DUPLICATE_METHOD_MATCH = YES;
				COPY_PHASE_STRIP = NO;
				DEBUG_INFORMATION_FORMAT = dwarf;
				ENABLE_STRICT_OBJC_MSGSEND = YES;
				ENABLE_TESTABILITY = YES;
				GCC_C_LANGUAGE_STANDARD = gnu11;
				GCC_DYNAMIC_NO_PIC = NO;
				GCC_NO_COMMON_BLOCKS = YES;
				GCC_OPTIMIZATION_LEVEL = 0;
				GCC_PREPROCESSOR_DEFINITIONS = (
					"DEBUG=1",
					"$(inherited)",
				);
				GCC_WARN_64_TO_32_BIT_CONVERSION = YES;
				GCC_WARN_ABOUT_RETURN_TYPE = YES_ERROR;
				GCC_WARN_UNDECLARED_SELECTOR = YES;
				GCC_WARN_UNINITIALIZED_AUTOS = YES_AGGRESSIVE;
				GCC_WARN_UNUSED_FUNCTION = YES;
				GCC_WARN_UNUSED_VARIABLE = YES;
				IPHONEOS_DEPLOYMENT_TARGET = 16.1;
				MTL_ENABLE_DEBUG_INFO = INCLUDE_SOURCE;
				MTL_FAST_MATH = YES;
				ONLY_ACTIVE_ARCH = YES;
				SDKROOT = iphoneos;
				SWIFT_ACTIVE_COMPILATION_CONDITIONS = DEBUG;
				SWIFT_OPTIMIZATION_LEVEL = "-Onone";
			};
			name = Debug;
		};
		A0933EAF292579C100FEA5DC /* Release */ = {
			isa = XCBuildConfiguration;
			buildSettings = {
				ALWAYS_SEARCH_USER_PATHS = NO;
				CLANG_ANALYZER_NONNULL = YES;
				CLANG_ANALYZER_NUMBER_OBJECT_CONVERSION = YES_AGGRESSIVE;
				CLANG_CXX_LANGUAGE_STANDARD = "gnu++20";
				CLANG_ENABLE_MODULES = YES;
				CLANG_ENABLE_OBJC_ARC = YES;
				CLANG_ENABLE_OBJC_WEAK = YES;
				CLANG_WARN_BLOCK_CAPTURE_AUTORELEASING = YES;
				CLANG_WARN_BOOL_CONVERSION = YES;
				CLANG_WARN_COMMA = YES;
				CLANG_WARN_CONSTANT_CONVERSION = YES;
				CLANG_WARN_DEPRECATED_OBJC_IMPLEMENTATIONS = YES;
				CLANG_WARN_DIRECT_OBJC_ISA_USAGE = YES_ERROR;
				CLANG_WARN_DOCUMENTATION_COMMENTS = YES;
				CLANG_WARN_EMPTY_BODY = YES;
				CLANG_WARN_ENUM_CONVERSION = YES;
				CLANG_WARN_INFINITE_RECURSION = YES;
				CLANG_WARN_INT_CONVERSION = YES;
				CLANG_WARN_NON_LITERAL_NULL_CONVERSION = YES;
				CLANG_WARN_OBJC_IMPLICIT_RETAIN_SELF = YES;
				CLANG_WARN_OBJC_LITERAL_CONVERSION = YES;
				CLANG_WARN_OBJC_ROOT_CLASS = YES_ERROR;
				CLANG_WARN_QUOTED_INCLUDE_IN_FRAMEWORK_HEADER = YES;
				CLANG_WARN_RANGE_LOOP_ANALYSIS = YES;
				CLANG_WARN_STRICT_PROTOTYPES = YES;
				CLANG_WARN_SUSPICIOUS_MOVE = YES;
				CLANG_WARN_UNGUARDED_AVAILABILITY = YES_AGGRESSIVE;
				CLANG_WARN_UNREACHABLE_CODE = YES;
				CLANG_WARN__DUPLICATE_METHOD_MATCH = YES;
				COPY_PHASE_STRIP = NO;
				DEBUG_INFORMATION_FORMAT = "dwarf-with-dsym";
				ENABLE_NS_ASSERTIONS = NO;
				ENABLE_STRICT_OBJC_MSGSEND = YES;
				GCC_C_LANGUAGE_STANDARD = gnu11;
				GCC_NO_COMMON_BLOCKS = YES;
				GCC_WARN_64_TO_32_BIT_CONVERSION = YES;
				GCC_WARN_ABOUT_RETURN_TYPE = YES_ERROR;
				GCC_WARN_UNDECLARED_SELECTOR = YES;
				GCC_WARN_UNINITIALIZED_AUTOS = YES_AGGRESSIVE;
				GCC_WARN_UNUSED_FUNCTION = YES;
				GCC_WARN_UNUSED_VARIABLE = YES;
				IPHONEOS_DEPLOYMENT_TARGET = 16.1;
				MTL_ENABLE_DEBUG_INFO = NO;
				MTL_FAST_MATH = YES;
				SDKROOT = iphoneos;
				SWIFT_COMPILATION_MODE = wholemodule;
				SWIFT_OPTIMIZATION_LEVEL = "-O";
				VALIDATE_PRODUCT = YES;
			};
			name = Release;
		};
		A0933EB1292579C100FEA5DC /* Debug */ = {
			isa = XCBuildConfiguration;
			buildSettings = {
				ASSETCATALOG_COMPILER_APPICON_NAME = AppIcon;
				ASSETCATALOG_COMPILER_GLOBAL_ACCENT_COLOR_NAME = AccentColor;
				CODE_SIGN_STYLE = Automatic;
				CURRENT_PROJECT_VERSION = 1;
				DEVELOPMENT_TEAM = QZ329TNU43;
				GENERATE_INFOPLIST_FILE = YES;
				INFOPLIST_FILE = CatsApp/App/Info.plist;
				INFOPLIST_KEY_UIApplicationSupportsIndirectInputEvents = YES;
				INFOPLIST_KEY_UILaunchStoryboardName = LaunchScreen;
				INFOPLIST_KEY_UIMainStoryboardFile = Main;
				INFOPLIST_KEY_UISupportedInterfaceOrientations = UIInterfaceOrientationPortrait;
				INFOPLIST_KEY_UISupportedInterfaceOrientations_iPad = "UIInterfaceOrientationLandscapeLeft UIInterfaceOrientationLandscapeRight UIInterfaceOrientationPortrait UIInterfaceOrientationPortraitUpsideDown";
				LD_RUNPATH_SEARCH_PATHS = (
					"$(inherited)",
					"@executable_path/Frameworks",
				);
				MARKETING_VERSION = 1.0;
				PRODUCT_BUNDLE_IDENTIFIER = matveiKhlestov.CatsApp;
				PRODUCT_NAME = "$(TARGET_NAME)";
				SUPPORTED_PLATFORMS = "iphoneos iphonesimulator";
				SUPPORTS_MACCATALYST = NO;
				SUPPORTS_MAC_DESIGNED_FOR_IPHONE_IPAD = NO;
				SWIFT_EMIT_LOC_STRINGS = YES;
				SWIFT_VERSION = 5.0;
				TARGETED_DEVICE_FAMILY = 1;
			};
			name = Debug;
		};
		A0933EB2292579C100FEA5DC /* Release */ = {
			isa = XCBuildConfiguration;
			buildSettings = {
				ASSETCATALOG_COMPILER_APPICON_NAME = AppIcon;
				ASSETCATALOG_COMPILER_GLOBAL_ACCENT_COLOR_NAME = AccentColor;
				CODE_SIGN_STYLE = Automatic;
				CURRENT_PROJECT_VERSION = 1;
				DEVELOPMENT_TEAM = QZ329TNU43;
				GENERATE_INFOPLIST_FILE = YES;
				INFOPLIST_FILE = CatsApp/App/Info.plist;
				INFOPLIST_KEY_UIApplicationSupportsIndirectInputEvents = YES;
				INFOPLIST_KEY_UILaunchStoryboardName = LaunchScreen;
				INFOPLIST_KEY_UIMainStoryboardFile = Main;
				INFOPLIST_KEY_UISupportedInterfaceOrientations = UIInterfaceOrientationPortrait;
				INFOPLIST_KEY_UISupportedInterfaceOrientations_iPad = "UIInterfaceOrientationLandscapeLeft UIInterfaceOrientationLandscapeRight UIInterfaceOrientationPortrait UIInterfaceOrientationPortraitUpsideDown";
				LD_RUNPATH_SEARCH_PATHS = (
					"$(inherited)",
					"@executable_path/Frameworks",
				);
				MARKETING_VERSION = 1.0;
				PRODUCT_BUNDLE_IDENTIFIER = matveiKhlestov.CatsApp;
				PRODUCT_NAME = "$(TARGET_NAME)";
				SUPPORTED_PLATFORMS = "iphoneos iphonesimulator";
				SUPPORTS_MACCATALYST = NO;
				SUPPORTS_MAC_DESIGNED_FOR_IPHONE_IPAD = NO;
				SWIFT_EMIT_LOC_STRINGS = YES;
				SWIFT_VERSION = 5.0;
				TARGETED_DEVICE_FAMILY = 1;
			};
			name = Release;
		};
/* End XCBuildConfiguration section */

/* Begin XCConfigurationList section */
		A0933E97292579C000FEA5DC /* Build configuration list for PBXProject "CatsApp" */ = {
			isa = XCConfigurationList;
			buildConfigurations = (
				A0933EAE292579C100FEA5DC /* Debug */,
				A0933EAF292579C100FEA5DC /* Release */,
			);
			defaultConfigurationIsVisible = 0;
			defaultConfigurationName = Release;
		};
		A0933EB0292579C100FEA5DC /* Build configuration list for PBXNativeTarget "CatsApp" */ = {
			isa = XCConfigurationList;
			buildConfigurations = (
				A0933EB1292579C100FEA5DC /* Debug */,
				A0933EB2292579C100FEA5DC /* Release */,
			);
			defaultConfigurationIsVisible = 0;
			defaultConfigurationName = Release;
		};
/* End XCConfigurationList section */

/* Begin XCRemoteSwiftPackageReference section */
		A0760C022932A4DC004D28F7 /* XCRemoteSwiftPackageReference "Alamofire" */ = {
			isa = XCRemoteSwiftPackageReference;
			repositoryURL = "https://github.com/Alamofire/Alamofire?ysclid=laycfgf9r6270025626";
			requirement = {
				kind = upToNextMinorVersion;
				minimumVersion = 5.6.0;
			};
		};
/* End XCRemoteSwiftPackageReference section */

/* Begin XCSwiftPackageProductDependency section */
		A0760C032932A4DC004D28F7 /* Alamofire */ = {
			isa = XCSwiftPackageProductDependency;
			package = A0760C022932A4DC004D28F7 /* XCRemoteSwiftPackageReference "Alamofire" */;
			productName = Alamofire;
		};
/* End XCSwiftPackageProductDependency section */
	};
	rootObject = A0933E94292579C000FEA5DC /* Project object */;
}
